
Microsoft Visual Studio Solution File, Format Version 12.00
# Visual Studio Version 16
VisualStudioVersion = 16.0.30002.166
MinimumVisualStudioVersion = 10.0.40219.1
Project("{FAE04EC0-301F-11D3-BF4B-00C04F79EFBC}") = "VanguardToggle", "VanguardToggle\VanguardToggle.csproj", "{72999E78-9F53-464B-AA30-FD8F17F67901}"
EndProject
Global
	GlobalSection(SolutionConfigurationPlatforms) = preSolution
		Debug|Any CPU = Debug|Any CPU
		Release|Any CPU = Release|Any CPU
	EndGlobalSection
	GlobalSection(ProjectConfigurationPlatforms) = postSolution
		{72999E78-9F53-464B-AA30-FD8F17F67901}.Debug|Any CPU.ActiveCfg = Debug|Any CPU
		{72999E78-9F53-464B-AA30-FD8F17F67901}.Debug|Any CPU.Build.0 = Debug|Any CPU
		{72999E78-9F53-464B-AA30-FD8F17F67901}.Release|Any CPU.ActiveCfg = Release|Any CPU
		{72999E78-9F53-464B-AA30-FD8F17F67901}.Release|Any CPU.Build.0 = Release|Any CPU
	EndGlobalSection
	GlobalSection(SolutionProperties) = preSolution
		HideSolutionNode = FALSE
	EndGlobalSection
	GlobalSection(ExtensibilityGlobals) = postSolution
		SolutionGuid = {6110C1BF-E9F9-4E0E-92EE-B264F5C66DFC}
	EndGlobalSection
EndGlobal
